
Microsoft Visual Studio Solution File, Format Version 12.00
# Visual Studio Version 17
VisualStudioVersion = 17.8.34525.116
MinimumVisualStudioVersion = 10.0.40219.1
Project("{FAE04EC0-301F-11D3-BF4B-00C04F79EFBC}") = "Server", "Server.csproj", "{2C0D0A0B-D959-4F69-9584-6E4A36B366FD}"
EndProject
Global
	GlobalSection(SolutionConfigurationPlatforms) = preSolution
		Debug|Any CPU = Debug|Any CPU
		Release|Any CPU = Release|Any CPU
	EndGlobalSection
	GlobalSection(ProjectConfigurationPlatforms) = postSolution
		{2C0D0A0B-D959-4F69-9584-6E4A36B366FD}.Debug|Any CPU.ActiveCfg = Debug|Any CPU
		{2C0D0A0B-D959-4F69-9584-6E4A36B366FD}.Debug|Any CPU.Build.0 = Debug|Any CPU
		{2C0D0A0B-D959-4F69-9584-6E4A36B366FD}.Release|Any CPU.ActiveCfg = Release|Any CPU
		{2C0D0A0B-D959-4F69-9584-6E4A36B366FD}.Release|Any CPU.Build.0 = Release|Any CPU
	EndGlobalSection
	GlobalSection(SolutionProperties) = preSolution
		HideSolutionNode = FALSE
	EndGlobalSection
	GlobalSection(ExtensibilityGlobals) = postSolution
		SolutionGuid = {60405B6E-E8AA-4E48-8EB0-DCE58F9766C0}
	EndGlobalSection
EndGlobal
